
Microsoft Visual Studio Solution File, Format Version 12.00
# Visual Studio Version 16
VisualStudioVersion = 16.0.30320.27
MinimumVisualStudioVersion = 10.0.40219.1
Project("{FAE04EC0-301F-11D3-BF4B-00C04F79EFBC}") = "GitHubLernBotApp", "GitHubLernBotApp\GitHubLernBotApp.csproj", "{FF97A600-1F28-4E2F-987A-38EBADD78580}"
EndProject
Global
	GlobalSection(SolutionConfigurationPlatforms) = preSolution
		Debug|Any CPU = Debug|Any CPU
		Release|Any CPU = Release|Any CPU
	EndGlobalSection
	GlobalSection(ProjectConfigurationPlatforms) = postSolution
		{FF97A600-1F28-4E2F-987A-38EBADD78580}.Debug|Any CPU.ActiveCfg = Debug|Any CPU
		{FF97A600-1F28-4E2F-987A-38EBADD78580}.Debug|Any CPU.Build.0 = Debug|Any CPU
		{FF97A600-1F28-4E2F-987A-38EBADD78580}.Release|Any CPU.ActiveCfg = Release|Any CPU
		{FF97A600-1F28-4E2F-987A-38EBADD78580}.Release|Any CPU.Build.0 = Release|Any CPU
	EndGlobalSection
	GlobalSection(SolutionProperties) = preSolution
		HideSolutionNode = FALSE
	EndGlobalSection
	GlobalSection(ExtensibilityGlobals) = postSolution
		SolutionGuid = {F8442B13-7A55-40BB-8BA1-FE36CEADEB2A}
	EndGlobalSection
EndGlobal
